
Microsoft Visual Studio Solution File, Format Version 12.00
# Visual Studio 14
VisualStudioVersion = 14.0.25420.1
MinimumVisualStudioVersion = 10.0.40219.1
Project("{8BC9CEB8-8B4A-11D0-8D11-00A0C91BC942}") = "HelloSocket", "HelloSocket\HelloSocket.vcxproj", "{FD8628C0-CD9E-4331-9E26-2A12CB3CBDF1}"
EndProject
Project("{8BC9CEB8-8B4A-11D0-8D11-00A0C91BC942}") = "EasyTcpServer", "EasyTcpServer\EasyTcpServer.vcxproj", "{7EC62640-9757-484E-9F09-014F6BD8C748}"
EndProject
Project("{8BC9CEB8-8B4A-11D0-8D11-00A0C91BC942}") = "EasyClientTcp", "EasyClientTcp\EasyClientTcp.vcxproj", "{E5501DCE-AF66-45B3-9AF8-90DD988CEC06}"
EndProject
Global
	GlobalSection(SolutionConfigurationPlatforms) = preSolution
		Debug|x64 = Debug|x64
		Debug|x86 = Debug|x86
		Release|x64 = Release|x64
		Release|x86 = Release|x86
	EndGlobalSection
	GlobalSection(ProjectConfigurationPlatforms) = postSolution
		{FD8628C0-CD9E-4331-9E26-2A12CB3CBDF1}.Debug|x64.ActiveCfg = Debug|x64
		{FD8628C0-CD9E-4331-9E26-2A12CB3CBDF1}.Debug|x64.Build.0 = Debug|x64
		{FD8628C0-CD9E-4331-9E26-2A12CB3CBDF1}.Debug|x86.ActiveCfg = Debug|Win32
		{FD8628C0-CD9E-4331-9E26-2A12CB3CBDF1}.Debug|x86.Build.0 = Debug|Win32
		{FD8628C0-CD9E-4331-9E26-2A12CB3CBDF1}.Release|x64.ActiveCfg = Release|x64
		{FD8628C0-CD9E-4331-9E26-2A12CB3CBDF1}.Release|x64.Build.0 = Release|x64
		{FD8628C0-CD9E-4331-9E26-2A12CB3CBDF1}.Release|x86.ActiveCfg = Release|Win32
		{FD8628C0-CD9E-4331-9E26-2A12CB3CBDF1}.Release|x86.Build.0 = Release|Win32
		{7EC62640-9757-484E-9F09-014F6BD8C748}.Debug|x64.ActiveCfg = Debug|x64
		{7EC62640-9757-484E-9F09-014F6BD8C748}.Debug|x64.Build.0 = Debug|x64
		{7EC62640-9757-484E-9F09-014F6BD8C748}.Debug|x86.ActiveCfg = Debug|Win32
		{7EC62640-9757-484E-9F09-014F6BD8C748}.Debug|x86.Build.0 = Debug|Win32
		{7EC62640-9757-484E-9F09-014F6BD8C748}.Release|x64.ActiveCfg = Release|x64
		{7EC62640-9757-484E-9F09-014F6BD8C748}.Release|x64.Build.0 = Release|x64
		{7EC62640-9757-484E-9F09-014F6BD8C748}.Release|x86.ActiveCfg = Release|Win32
		{7EC62640-9757-484E-9F09-014F6BD8C748}.Release|x86.Build.0 = Release|Win32
		{E5501DCE-AF66-45B3-9AF8-90DD988CEC06}.Debug|x64.ActiveCfg = Debug|x64
		{E5501DCE-AF66-45B3-9AF8-90DD988CEC06}.Debug|x64.Build.0 = Debug|x64
		{E5501DCE-AF66-45B3-9AF8-90DD988CEC06}.Debug|x86.ActiveCfg = Debug|Win32
		{E5501DCE-AF66-45B3-9AF8-90DD988CEC06}.Debug|x86.Build.0 = Debug|Win32
		{E5501DCE-AF66-45B3-9AF8-90DD988CEC06}.Release|x64.ActiveCfg = Release|x64
		{E5501DCE-AF66-45B3-9AF8-90DD988CEC06}.Release|x64.Build.0 = Release|x64
		{E5501DCE-AF66-45B3-9AF8-90DD988CEC06}.Release|x86.ActiveCfg = Release|Win32
		{E5501DCE-AF66-45B3-9AF8-90DD988CEC06}.Release|x86.Build.0 = Release|Win32
	EndGlobalSection
	GlobalSection(SolutionProperties) = preSolution
		HideSolutionNode = FALSE
	EndGlobalSection
EndGlobal
